
Microsoft Visual Studio Solution File, Format Version 12.00
# Visual Studio Version 17
VisualStudioVersion = 17.14.36705.20 d17.14
MinimumVisualStudioVersion = 10.0.40219.1
Project("{FAE04EC0-301F-11D3-BF4B-00C04F79EFBC}") = "P9_714240059", "P9_714240059.csproj", "{CFA7B3FF-8BAF-4584-BD55-102A786F2449}"
EndProject
Global
	GlobalSection(SolutionConfigurationPlatforms) = preSolution
		Debug|Any CPU = Debug|Any CPU
		Release|Any CPU = Release|Any CPU
	EndGlobalSection
	GlobalSection(ProjectConfigurationPlatforms) = postSolution
		{CFA7B3FF-8BAF-4584-BD55-102A786F2449}.Debug|Any CPU.ActiveCfg = Debug|Any CPU
		{CFA7B3FF-8BAF-4584-BD55-102A786F2449}.Debug|Any CPU.Build.0 = Debug|Any CPU
		{CFA7B3FF-8BAF-4584-BD55-102A786F2449}.Release|Any CPU.ActiveCfg = Release|Any CPU
		{CFA7B3FF-8BAF-4584-BD55-102A786F2449}.Release|Any CPU.Build.0 = Release|Any CPU
	EndGlobalSection
	GlobalSection(SolutionProperties) = preSolution
		HideSolutionNode = FALSE
	EndGlobalSection
	GlobalSection(ExtensibilityGlobals) = postSolution
		SolutionGuid = {829411EA-BDA9-4FC0-8D69-9454BCFF9180}
	EndGlobalSection
EndGlobal
