
Microsoft Visual Studio Solution File, Format Version 12.00
# Visual Studio Version 17
VisualStudioVersion = 17.14.36603.0
MinimumVisualStudioVersion = 10.0.40219.1
Project("{FAE04EC0-301F-11D3-BF4B-00C04F79EFBC}") = "P3_2_714240059", "P3_2_714240059.csproj", "{BB2F4537-D79D-44E4-B298-1F21D406AF8B}"
EndProject
Global
	GlobalSection(SolutionConfigurationPlatforms) = preSolution
		Debug|Any CPU = Debug|Any CPU
		Release|Any CPU = Release|Any CPU
	EndGlobalSection
	GlobalSection(ProjectConfigurationPlatforms) = postSolution
		{BB2F4537-D79D-44E4-B298-1F21D406AF8B}.Debug|Any CPU.ActiveCfg = Debug|Any CPU
		{BB2F4537-D79D-44E4-B298-1F21D406AF8B}.Debug|Any CPU.Build.0 = Debug|Any CPU
		{BB2F4537-D79D-44E4-B298-1F21D406AF8B}.Release|Any CPU.ActiveCfg = Release|Any CPU
		{BB2F4537-D79D-44E4-B298-1F21D406AF8B}.Release|Any CPU.Build.0 = Release|Any CPU
	EndGlobalSection
	GlobalSection(SolutionProperties) = preSolution
		HideSolutionNode = FALSE
	EndGlobalSection
	GlobalSection(ExtensibilityGlobals) = postSolution
		SolutionGuid = {FF37E634-0362-4391-B703-3F5C9124D975}
	EndGlobalSection
EndGlobal
